
Microsoft Visual Studio Solution File, Format Version 12.00
# Visual Studio Version 17
VisualStudioVersion = 17.0.32014.148
MinimumVisualStudioVersion = 10.0.40219.1
Project("{FAE04EC0-301F-11D3-BF4B-00C04F79EFBC}") = "CrudApp", "CrudApp\CrudApp.csproj", "{B0BC1F09-F2B9-4E5A-A876-AAEB56B4A392}"
EndProject
Global
	GlobalSection(SolutionConfigurationPlatforms) = preSolution
		Debug|Any CPU = Debug|Any CPU
		Release|Any CPU = Release|Any CPU
	EndGlobalSection
	GlobalSection(ProjectConfigurationPlatforms) = postSolution
		{B0BC1F09-F2B9-4E5A-A876-AAEB56B4A392}.Debug|Any CPU.ActiveCfg = Debug|Any CPU
		{B0BC1F09-F2B9-4E5A-A876-AAEB56B4A392}.Debug|Any CPU.Build.0 = Debug|Any CPU
		{B0BC1F09-F2B9-4E5A-A876-AAEB56B4A392}.Release|Any CPU.ActiveCfg = Release|Any CPU
		{B0BC1F09-F2B9-4E5A-A876-AAEB56B4A392}.Release|Any CPU.Build.0 = Release|Any CPU
	EndGlobalSection
	GlobalSection(SolutionProperties) = preSolution
		HideSolutionNode = FALSE
	EndGlobalSection
	GlobalSection(ExtensibilityGlobals) = postSolution
		SolutionGuid = {52C3D5CF-84AE-466B-8E36-B2633D9CDB68}
	EndGlobalSection
EndGlobal
